
Microsoft Visual Studio Solution File, Format Version 12.00
# Visual Studio Version 16
VisualStudioVersion = 16.0.31515.178
MinimumVisualStudioVersion = 10.0.40219.1
Project("{FAE04EC0-301F-11D3-BF4B-00C04F79EFBC}") = "Trabajo1programacion", "Trabajo1programacion\Trabajo1programacion.csproj", "{E59FA885-B139-494A-8E69-3912B6848D90}"
EndProject
Project("{2150E333-8FDC-42A3-9474-1A3956D46DE8}") = "Solution Items", "Solution Items", "{65F31AA4-8D14-4416-943A-93DD7C9E6816}"
	ProjectSection(SolutionItems) = preProject
		Class1.cs = Class1.cs
	EndProjectSection
EndProject
Global
	GlobalSection(SolutionConfigurationPlatforms) = preSolution
		Debug|Any CPU = Debug|Any CPU
		Release|Any CPU = Release|Any CPU
	EndGlobalSection
	GlobalSection(ProjectConfigurationPlatforms) = postSolution
		{E59FA885-B139-494A-8E69-3912B6848D90}.Debug|Any CPU.ActiveCfg = Debug|Any CPU
		{E59FA885-B139-494A-8E69-3912B6848D90}.Debug|Any CPU.Build.0 = Debug|Any CPU
		{E59FA885-B139-494A-8E69-3912B6848D90}.Release|Any CPU.ActiveCfg = Release|Any CPU
		{E59FA885-B139-494A-8E69-3912B6848D90}.Release|Any CPU.Build.0 = Release|Any CPU
	EndGlobalSection
	GlobalSection(SolutionProperties) = preSolution
		HideSolutionNode = FALSE
	EndGlobalSection
	GlobalSection(ExtensibilityGlobals) = postSolution
		SolutionGuid = {30CF08C7-A099-4170-91B6-B4DBCEDAA7BC}
	EndGlobalSection
EndGlobal
